
Microsoft Visual Studio Solution File, Format Version 12.00
Project("{FAE04EC0-301F-11D3-BF4B-00C04F79EFBC}") = "MauiApp1", "MauiApp1\MauiApp1.csproj", "{D927A8F6-4ECC-4345-93B2-E17672F01843}"
EndProject
Global
	GlobalSection(SolutionConfigurationPlatforms) = preSolution
		Debug|Any CPU = Debug|Any CPU
		Release|Any CPU = Release|Any CPU
	EndGlobalSection
	GlobalSection(ProjectConfigurationPlatforms) = postSolution
		{D927A8F6-4ECC-4345-93B2-E17672F01843}.Debug|Any CPU.ActiveCfg = Debug|Any CPU
		{D927A8F6-4ECC-4345-93B2-E17672F01843}.Debug|Any CPU.Build.0 = Debug|Any CPU
		{D927A8F6-4ECC-4345-93B2-E17672F01843}.Release|Any CPU.ActiveCfg = Release|Any CPU
		{D927A8F6-4ECC-4345-93B2-E17672F01843}.Release|Any CPU.Build.0 = Release|Any CPU
	EndGlobalSection
EndGlobal
